<Solution>
  <Folder Name="/Solution Items/">
    <File Path="README.md" />
  </Folder>
  <Folder Name="/src/">
    <Project Path="OnTheFlySettings/OnTheFlySettings.csproj" Id="daabf8ef-4061-473d-b32f-50a3cf9914e5" />
  </Folder>
  <Folder Name="/tests/">
    <Project Path="OnTheFlySettings.Tests/OnTheFlySettings.Tests.csproj" Id="9dccd3a3-8308-4d0c-93ef-7517bf2e490e" />
  </Folder>
</Solution>
